<?xml version="1.0" encoding="utf-8"?>
<Project ToolsVersion="4.0" xmlns="http://schemas.microsoft.com/developer/msbuild/2003">
  <ItemGroup>
    <Filter Include="Source Files">
      <UniqueIdentifier>{4FC737F1-C7A5-4376-A066-2A32D752A2FF}</UniqueIdentifier>
      <Extensions>cpp;c;cc;cxx;c++;cppm;ixx;def;odl;idl;hpj;bat;asm;asmx</Extensions>
    </Filter>
    <Filter Include="Resource Files">
      <UniqueIdentifier>{67DA6AB6-F800-4c08-8B7A-83BB121AAD01}</UniqueIdentifier>
      <Extensions>rc;ico;cur;bmp;dlg;rc2;rct;bin;rgs;gif;jpg;jpeg;jpe;resx;tiff;tif;png;wav;mfcribbon-ms</Extensions>
    </Filter>
    <Filter Include="Source Files\GameComponents">
      <UniqueIdentifier>{9c63fb2b-6151-40e6-aea8-320eca9de92a}</UniqueIdentifier>
    </Filter>
    <Filter Include="Header Files">
      <UniqueIdentifier>{e279635e-be98-4e84-bed7-731734f49e70}</UniqueIdentifier>
    </Filter>
    <Filter Include="Source Files\GameObjects">
      <UniqueIdentifier>{99ccc7fd-0df0-4793-95fa-2eb3805d25ff}</UniqueIdentifier>
    </Filter>
    <Filter Include="Source Files\Scenes">
      <UniqueIdentifier>{0e118158-8ae2-45d5-805c-a880714c499e}</UniqueIdentifier>
    </Filter>
    <Filter Include="Source Files\GameComponents\Images">
      <UniqueIdentifier>{d2834a50-1e37-4dd9-a23b-ec93a024fe46}</UniqueIdentifier>
    </Filter>
    <Filter Include="Source Files\GameObjects\Enemy">
      <UniqueIdentifier>{1b134c31-a672-416e-a5ed-a677a7d99526}</UniqueIdentifier>
    </Filter>
    <Filter Include="Source Files\GameObjects\Player">
      <UniqueIdentifier>{c1492f26-bab2-4f0c-8fec-76aaee138f74}</UniqueIdentifier>
    </Filter>
    <Filter Include="Source Files\GameObjects\Item">
      <UniqueIdentifier>{fe2f76af-2a6a-4516-a0f9-ecbd6a170885}</UniqueIdentifier>
    </Filter>
  </ItemGroup>
  <ItemGroup>
    <Image Include="Textures\bbox.png">
      <Filter>Resource Files</Filter>
    </Image>
    <Image Include="Textures\car.png">
      <Filter>Resource Files</Filter>
    </Image>
    <Image Include="Textures\enemies.png">
      <Filter>Resource Files</Filter>
    </Image>
    <Image Include="Textures\item.png">
      <Filter>Resource Files</Filter>
    </Image>
    <Image Include="Textures\misc.png">
      <Filter>Resource Files</Filter>
    </Image>
    <Image Include="Textures\title1.png">
      <Filter>Resource Files</Filter>
    </Image>
  </ItemGroup>
  <ItemGroup>
    <ClCompile Include="main.cpp">
      <Filter>Source Files</Filter>
    </ClCompile>
    <ClCompile Include="Sprites.cpp">
      <Filter>Source Files\GameComponents\Images</Filter>
    </ClCompile>
    <ClCompile Include="Textures.cpp">
      <Filter>Source Files\GameComponents\Images</Filter>
    </ClCompile>
    <ClCompile Include="Map.cpp">
      <Filter>Source Files\GameComponents</Filter>
    </ClCompile>
    <ClCompile Include="debug.cpp">
      <Filter>Source Files\GameComponents</Filter>
    </ClCompile>
    <ClCompile Include="GameObject.cpp">
      <Filter>Source Files\GameObjects</Filter>
    </ClCompile>
    <ClCompile Include="PlayerFallingState.cpp">
      <Filter>Source Files\GameObjects\Player</Filter>
    </ClCompile>
    <ClCompile Include="PlayerJumpingState.cpp">
      <Filter>Source Files\GameObjects\Player</Filter>
    </ClCompile>
    <ClCompile Include="PlayerMovingState.cpp">
      <Filter>Source Files\GameObjects\Player</Filter>
    </ClCompile>
    <ClCompile Include="PlayerStandingState.cpp">
      <Filter>Source Files\GameObjects\Player</Filter>
    </ClCompile>
    <ClCompile Include="PlayerUpwardState.cpp">
      <Filter>Source Files\GameObjects\Player</Filter>
    </ClCompile>
    <ClCompile Include="Game.cpp">
      <Filter>Source Files</Filter>
    </ClCompile>
    <ClCompile Include="GlobalConfig.cpp">
      <Filter>Source Files</Filter>
    </ClCompile>
    <ClCompile Include="Bullet.cpp">
      <Filter>Source Files\GameObjects\Item</Filter>
    </ClCompile>
    <ClCompile Include="Goomba.cpp">
      <Filter>Source Files\GameObjects\Enemy</Filter>
    </ClCompile>
    <ClCompile Include="Brick.cpp">
      <Filter>Source Files\GameObjects\Item</Filter>
    </ClCompile>
    <ClCompile Include="Animations.cpp">
      <Filter>Source Files\GameComponents\Images</Filter>
    </ClCompile>
    <ClCompile Include="PlayerJumpingMovingState.cpp">
      <Filter>Source Files\GameObjects\Player</Filter>
    </ClCompile>
    <ClCompile Include="PlayerFallingMovingState.cpp">
      <Filter>Source Files\GameObjects\Player</Filter>
    </ClCompile>
    <ClCompile Include="PlayerUpwardMovingState.cpp">
      <Filter>Source Files\GameObjects\Player</Filter>
    </ClCompile>
    <ClCompile Include="PlayerUpwardJumpingState.cpp">
      <Filter>Source Files\GameObjects\Player</Filter>
    </ClCompile>
    <ClCompile Include="PlayerUpwardJumpingMovingState.cpp">
      <Filter>Source Files\GameObjects\Player</Filter>
    </ClCompile>
    <ClCompile Include="PlayScene.cpp">
      <Filter>Source Files\Scenes</Filter>
    </ClCompile>
    <ClCompile Include="Scene.cpp">
      <Filter>Source Files\Scenes</Filter>
    </ClCompile>
    <ClCompile Include="SceneManager.cpp">
      <Filter>Source Files\Scenes</Filter>
    </ClCompile>
    <ClCompile Include="Camera.cpp">
      <Filter>Source Files\GameComponents</Filter>
    </ClCompile>
    <ClCompile Include="KeyboardHandler.h">
      <Filter>Source Files\GameComponents</Filter>
    </ClCompile>
    <ClCompile Include="Sophia.cpp">
      <Filter>Source Files\GameObjects\Player</Filter>
    </ClCompile>
  </ItemGroup>
  <ItemGroup>
    <ClInclude Include="Sprites.h">
      <Filter>Source Files\GameComponents\Images</Filter>
    </ClInclude>
    <ClInclude Include="Textures.h">
      <Filter>Source Files\GameComponents\Images</Filter>
    </ClInclude>
    <ClInclude Include="Map.h">
      <Filter>Source Files\GameComponents</Filter>
    </ClInclude>
    <ClInclude Include="debug.h">
      <Filter>Source Files\GameComponents</Filter>
    </ClInclude>
    <ClInclude Include="GameObject.h">
      <Filter>Source Files\GameObjects</Filter>
    </ClInclude>
    <ClInclude Include="PlayerFallingState.h">
      <Filter>Source Files\GameObjects\Player</Filter>
    </ClInclude>
    <ClInclude Include="PlayerJumpingState.h">
      <Filter>Source Files\GameObjects\Player</Filter>
    </ClInclude>
    <ClInclude Include="PlayerMovingState.h">
      <Filter>Source Files\GameObjects\Player</Filter>
    </ClInclude>
    <ClInclude Include="PlayerStandingState.h">
      <Filter>Source Files\GameObjects\Player</Filter>
    </ClInclude>
    <ClInclude Include="PlayerState.h">
      <Filter>Source Files\GameObjects\Player</Filter>
    </ClInclude>
    <ClInclude Include="PlayerUpwardState.h">
      <Filter>Source Files\GameObjects\Player</Filter>
    </ClInclude>
    <ClInclude Include="Game.h">
      <Filter>Source Files</Filter>
    </ClInclude>
    <ClInclude Include="GlobalConfig.h">
      <Filter>Source Files</Filter>
    </ClInclude>
    <ClInclude Include="Bullet.h">
      <Filter>Source Files\GameObjects\Item</Filter>
    </ClInclude>
    <ClInclude Include="Goomba.h">
      <Filter>Source Files\GameObjects\Enemy</Filter>
    </ClInclude>
    <ClInclude Include="Brick.h">
      <Filter>Source Files\GameObjects\Item</Filter>
    </ClInclude>
    <ClInclude Include="Animations.h">
      <Filter>Source Files\GameComponents\Images</Filter>
    </ClInclude>
    <ClInclude Include="PlayerJumpingMovingState.h">
      <Filter>Source Files\GameObjects\Player</Filter>
    </ClInclude>
    <ClInclude Include="PlayerFallingMovingState.h">
      <Filter>Source Files\GameObjects\Player</Filter>
    </ClInclude>
    <ClInclude Include="PlayerUpwardMovingState.h">
      <Filter>Source Files\GameObjects\Player</Filter>
    </ClInclude>
    <ClInclude Include="PlayerUpwardJumpingState.h">
      <Filter>Source Files\GameObjects\Player</Filter>
    </ClInclude>
    <ClInclude Include="PlayerUpwardJumpingMovingState.h">
      <Filter>Source Files\GameObjects\Player</Filter>
    </ClInclude>
    <ClInclude Include="PlayScene.h">
      <Filter>Source Files\Scenes</Filter>
    </ClInclude>
    <ClInclude Include="Scene.h">
      <Filter>Source Files\Scenes</Filter>
    </ClInclude>
    <ClInclude Include="SceneManager.h">
      <Filter>Source Files\Scenes</Filter>
    </ClInclude>
    <ClInclude Include="Camera.h">
      <Filter>Source Files\GameComponents</Filter>
    </ClInclude>
    <ClInclude Include="Sophia.h">
      <Filter>Source Files\GameObjects\Player</Filter>
    </ClInclude>
  </ItemGroup>
</Project>